
Microsoft Visual Studio Solution File, Format Version 12.00
# Visual Studio Version 16
VisualStudioVersion = 16.0.30011.22
MinimumVisualStudioVersion = 10.0.40219.1
Project("{FAE04EC0-301F-11D3-BF4B-00C04F79EFBC}") = "IgpayAtinlayAblay", "IgpayAtinlayAblay\IgpayAtinlayAblay.csproj", "{5DDA084A-8A89-4DED-AF77-A04CB1462EEF}"
EndProject
Global
	GlobalSection(SolutionConfigurationPlatforms) = preSolution
		Debug|Any CPU = Debug|Any CPU
		Release|Any CPU = Release|Any CPU
	EndGlobalSection
	GlobalSection(ProjectConfigurationPlatforms) = postSolution
		{5DDA084A-8A89-4DED-AF77-A04CB1462EEF}.Debug|Any CPU.ActiveCfg = Debug|Any CPU
		{5DDA084A-8A89-4DED-AF77-A04CB1462EEF}.Debug|Any CPU.Build.0 = Debug|Any CPU
		{5DDA084A-8A89-4DED-AF77-A04CB1462EEF}.Release|Any CPU.ActiveCfg = Release|Any CPU
		{5DDA084A-8A89-4DED-AF77-A04CB1462EEF}.Release|Any CPU.Build.0 = Release|Any CPU
	EndGlobalSection
	GlobalSection(SolutionProperties) = preSolution
		HideSolutionNode = FALSE
	EndGlobalSection
	GlobalSection(ExtensibilityGlobals) = postSolution
		SolutionGuid = {2DAC6F1E-E939-411C-B5BD-0034579BC76C}
	EndGlobalSection
EndGlobal
